
Microsoft Visual Studio Solution File, Format Version 12.00
# Visual Studio Version 16
VisualStudioVersion = 16.0.31019.35
MinimumVisualStudioVersion = 10.0.40219.1
Project("{FAE04EC0-301F-11D3-BF4B-00C04F79EFBC}") = "PoC", "PoC.csproj", "{450C9A95-60B6-4BE7-9DF9-F2B7F7E166AE}"
EndProject
Global
	GlobalSection(SolutionConfigurationPlatforms) = preSolution
		Debug|Any CPU = Debug|Any CPU
		Release|Any CPU = Release|Any CPU
	EndGlobalSection
	GlobalSection(ProjectConfigurationPlatforms) = postSolution
		{450C9A95-60B6-4BE7-9DF9-F2B7F7E166AE}.Debug|Any CPU.ActiveCfg = Debug|Any CPU
		{450C9A95-60B6-4BE7-9DF9-F2B7F7E166AE}.Debug|Any CPU.Build.0 = Debug|Any CPU
		{450C9A95-60B6-4BE7-9DF9-F2B7F7E166AE}.Release|Any CPU.ActiveCfg = Release|Any CPU
		{450C9A95-60B6-4BE7-9DF9-F2B7F7E166AE}.Release|Any CPU.Build.0 = Release|Any CPU
	EndGlobalSection
	GlobalSection(SolutionProperties) = preSolution
		HideSolutionNode = FALSE
	EndGlobalSection
	GlobalSection(ExtensibilityGlobals) = postSolution
		SolutionGuid = {3EBD7BCF-A85A-4E43-9EDE-480BFF3A9D6B}
	EndGlobalSection
EndGlobal
